
Microsoft Visual Studio Solution File, Format Version 12.00
# Visual Studio 15
VisualStudioVersion = 15.0.27703.2000
MinimumVisualStudioVersion = 10.0.40219.1
Project("{FAE04EC0-301F-11D3-BF4B-00C04F79EFBC}") = "ArithmeticalMean", "ArithmeticalMean\ArithmeticalMean.csproj", "{7FC67ED6-7665-4600-B332-493523507800}"
EndProject
Global
	GlobalSection(SolutionConfigurationPlatforms) = preSolution
		Debug|Any CPU = Debug|Any CPU
		Release|Any CPU = Release|Any CPU
	EndGlobalSection
	GlobalSection(ProjectConfigurationPlatforms) = postSolution
		{7FC67ED6-7665-4600-B332-493523507800}.Debug|Any CPU.ActiveCfg = Debug|Any CPU
		{7FC67ED6-7665-4600-B332-493523507800}.Debug|Any CPU.Build.0 = Debug|Any CPU
		{7FC67ED6-7665-4600-B332-493523507800}.Release|Any CPU.ActiveCfg = Release|Any CPU
		{7FC67ED6-7665-4600-B332-493523507800}.Release|Any CPU.Build.0 = Release|Any CPU
	EndGlobalSection
	GlobalSection(SolutionProperties) = preSolution
		HideSolutionNode = FALSE
	EndGlobalSection
	GlobalSection(ExtensibilityGlobals) = postSolution
		SolutionGuid = {054CDEBD-F0F8-4F77-A367-8BDC6B34539A}
	EndGlobalSection
EndGlobal
